
Microsoft Visual Studio Solution File, Format Version 12.00
# Visual Studio Version 16
VisualStudioVersion = 16.0.30523.141
MinimumVisualStudioVersion = 10.0.40219.1
Project("{FAE04EC0-301F-11D3-BF4B-00C04F79EFBC}") = "Proiect_Iscu_Paula", "Proiect_Iscu_Paula.csproj", "{53AF69F3-3FA4-4B03-842C-CEDFC9A35C4E}"
EndProject
Global
	GlobalSection(SolutionConfigurationPlatforms) = preSolution
		Debug|Any CPU = Debug|Any CPU
		Release|Any CPU = Release|Any CPU
	EndGlobalSection
	GlobalSection(ProjectConfigurationPlatforms) = postSolution
		{53AF69F3-3FA4-4B03-842C-CEDFC9A35C4E}.Debug|Any CPU.ActiveCfg = Debug|Any CPU
		{53AF69F3-3FA4-4B03-842C-CEDFC9A35C4E}.Debug|Any CPU.Build.0 = Debug|Any CPU
		{53AF69F3-3FA4-4B03-842C-CEDFC9A35C4E}.Release|Any CPU.ActiveCfg = Release|Any CPU
		{53AF69F3-3FA4-4B03-842C-CEDFC9A35C4E}.Release|Any CPU.Build.0 = Release|Any CPU
	EndGlobalSection
	GlobalSection(SolutionProperties) = preSolution
		HideSolutionNode = FALSE
	EndGlobalSection
	GlobalSection(ExtensibilityGlobals) = postSolution
		SolutionGuid = {8BB71772-D09E-4B5D-839E-27C9110EAE68}
	EndGlobalSection
EndGlobal
